
Microsoft Visual Studio Solution File, Format Version 12.00
# Visual Studio Version 17
VisualStudioVersion = 17.8.34330.188
MinimumVisualStudioVersion = 10.0.40219.1
Project("{FAE04EC0-301F-11D3-BF4B-00C04F79EFBC}") = "QRCodesAPI", "QRCodesAPI.csproj", "{720C8DD2-EA3E-41DF-9DE6-109E4070F51F}"
EndProject
Global
	GlobalSection(SolutionConfigurationPlatforms) = preSolution
		Debug|Any CPU = Debug|Any CPU
		Release|Any CPU = Release|Any CPU
	EndGlobalSection
	GlobalSection(ProjectConfigurationPlatforms) = postSolution
		{720C8DD2-EA3E-41DF-9DE6-109E4070F51F}.Debug|Any CPU.ActiveCfg = Debug|Any CPU
		{720C8DD2-EA3E-41DF-9DE6-109E4070F51F}.Debug|Any CPU.Build.0 = Debug|Any CPU
		{720C8DD2-EA3E-41DF-9DE6-109E4070F51F}.Release|Any CPU.ActiveCfg = Release|Any CPU
		{720C8DD2-EA3E-41DF-9DE6-109E4070F51F}.Release|Any CPU.Build.0 = Release|Any CPU
	EndGlobalSection
	GlobalSection(SolutionProperties) = preSolution
		HideSolutionNode = FALSE
	EndGlobalSection
	GlobalSection(ExtensibilityGlobals) = postSolution
		SolutionGuid = {DAC2CC74-1F1E-4966-AEC5-CD3E23B3BCE3}
	EndGlobalSection
EndGlobal
